
Microsoft Visual Studio Solution File, Format Version 12.00
# Visual Studio Version 17
VisualStudioVersion = 17.13.35825.156 d17.13
MinimumVisualStudioVersion = 10.0.40219.1
Project("{FAE04EC0-301F-11D3-BF4B-00C04F79EFBC}") = "OnlineRentalPropertyManagement", "Property_Rental\OnlineRentalPropertyManagement.csproj", "{2E4E871E-323F-4AD7-8A1E-E6BBDAE7DE8D}"
EndProject
Global
	GlobalSection(SolutionConfigurationPlatforms) = preSolution
		Debug|Any CPU = Debug|Any CPU
		Release|Any CPU = Release|Any CPU
	EndGlobalSection
	GlobalSection(ProjectConfigurationPlatforms) = postSolution
		{2E4E871E-323F-4AD7-8A1E-E6BBDAE7DE8D}.Debug|Any CPU.ActiveCfg = Debug|Any CPU
		{2E4E871E-323F-4AD7-8A1E-E6BBDAE7DE8D}.Debug|Any CPU.Build.0 = Debug|Any CPU
		{2E4E871E-323F-4AD7-8A1E-E6BBDAE7DE8D}.Release|Any CPU.ActiveCfg = Release|Any CPU
		{2E4E871E-323F-4AD7-8A1E-E6BBDAE7DE8D}.Release|Any CPU.Build.0 = Release|Any CPU
	EndGlobalSection
	GlobalSection(SolutionProperties) = preSolution
		HideSolutionNode = FALSE
	EndGlobalSection
	GlobalSection(ExtensibilityGlobals) = postSolution
		SolutionGuid = {B9EDD225-961E-4960-9DEF-363B38893619}
	EndGlobalSection
EndGlobal
